
Microsoft Visual Studio Solution File, Format Version 12.00
# Visual Studio Version 17
VisualStudioVersion = 17.7.34003.232
MinimumVisualStudioVersion = 10.0.40219.1
Project("{FAE04EC0-301F-11D3-BF4B-00C04F79EFBC}") = "AzureBlobStorage", "AzureBlobStorage\AzureBlobStorage.csproj", "{38BFB215-E0B5-4EEE-B85C-5E7128AA61C3}"
EndProject
Global
	GlobalSection(SolutionConfigurationPlatforms) = preSolution
		Debug|Any CPU = Debug|Any CPU
		Release|Any CPU = Release|Any CPU
	EndGlobalSection
	GlobalSection(ProjectConfigurationPlatforms) = postSolution
		{38BFB215-E0B5-4EEE-B85C-5E7128AA61C3}.Debug|Any CPU.ActiveCfg = Debug|Any CPU
		{38BFB215-E0B5-4EEE-B85C-5E7128AA61C3}.Debug|Any CPU.Build.0 = Debug|Any CPU
		{38BFB215-E0B5-4EEE-B85C-5E7128AA61C3}.Release|Any CPU.ActiveCfg = Release|Any CPU
		{38BFB215-E0B5-4EEE-B85C-5E7128AA61C3}.Release|Any CPU.Build.0 = Release|Any CPU
	EndGlobalSection
	GlobalSection(SolutionProperties) = preSolution
		HideSolutionNode = FALSE
	EndGlobalSection
	GlobalSection(ExtensibilityGlobals) = postSolution
		SolutionGuid = {D457E862-B471-4012-97EC-13FEB532BE0F}
	EndGlobalSection
EndGlobal
